
Microsoft Visual Studio Solution File, Format Version 12.00
# Visual Studio 15
VisualStudioVersion = 15.0.28010.2016
MinimumVisualStudioVersion = 10.0.40219.1
Project("{9A19103F-16F7-4668-BE54-9A1E7A4F7556}") = "DockerApi", "DockerApi\DockerApi.csproj", "{4580EA83-E095-4A57-991A-C6101515EB42}"
EndProject
Project("{E53339B2-1760-4266-BCC7-CA923CBCF16C}") = "docker-compose", "docker-compose.dcproj", "{C8A0AD04-7929-48BC-AFF7-BF7CDA367D3E}"
EndProject
Project("{E24C65DC-7377-472B-9ABA-BC803B73C61A}") = "DockerWeb", "DockerWeb", "{64774E5C-C5E8-4A41-95D4-F3BEC818AD1E}"
	ProjectSection(WebsiteProperties) = preProject
		TargetFrameworkMoniker = ".NETFramework,Version%3Dv4.0"
		Debug.AspNetCompiler.VirtualPath = "/localhost_55808"
		Debug.AspNetCompiler.PhysicalPath = "DockerWeb\"
		Debug.AspNetCompiler.TargetPath = "PrecompiledWeb\localhost_55808\"
		Debug.AspNetCompiler.Updateable = "true"
		Debug.AspNetCompiler.ForceOverwrite = "true"
		Debug.AspNetCompiler.FixedNames = "false"
		Debug.AspNetCompiler.Debug = "True"
		Release.AspNetCompiler.VirtualPath = "/localhost_55808"
		Release.AspNetCompiler.PhysicalPath = "DockerWeb\"
		Release.AspNetCompiler.TargetPath = "PrecompiledWeb\localhost_55808\"
		Release.AspNetCompiler.Updateable = "true"
		Release.AspNetCompiler.ForceOverwrite = "true"
		Release.AspNetCompiler.FixedNames = "false"
		Release.AspNetCompiler.Debug = "False"
		VWDPort = "55808"
		SlnRelativePath = "DockerWeb\"
	EndProjectSection
EndProject
Project("{9A19103F-16F7-4668-BE54-9A1E7A4F7556}") = "DockerApi.Test", "DockerApi.Test\DockerApi.Test.csproj", "{DFE36340-207E-4303-A76F-427951BEF236}"
EndProject
Global
	GlobalSection(SolutionConfigurationPlatforms) = preSolution
		Debug|Any CPU = Debug|Any CPU
		Release|Any CPU = Release|Any CPU
	EndGlobalSection
	GlobalSection(ProjectConfigurationPlatforms) = postSolution
		{4580EA83-E095-4A57-991A-C6101515EB42}.Debug|Any CPU.ActiveCfg = Debug|Any CPU
		{4580EA83-E095-4A57-991A-C6101515EB42}.Debug|Any CPU.Build.0 = Debug|Any CPU
		{4580EA83-E095-4A57-991A-C6101515EB42}.Release|Any CPU.ActiveCfg = Release|Any CPU
		{4580EA83-E095-4A57-991A-C6101515EB42}.Release|Any CPU.Build.0 = Release|Any CPU
		{C8A0AD04-7929-48BC-AFF7-BF7CDA367D3E}.Debug|Any CPU.ActiveCfg = Debug|Any CPU
		{C8A0AD04-7929-48BC-AFF7-BF7CDA367D3E}.Debug|Any CPU.Build.0 = Debug|Any CPU
		{C8A0AD04-7929-48BC-AFF7-BF7CDA367D3E}.Release|Any CPU.ActiveCfg = Release|Any CPU
		{C8A0AD04-7929-48BC-AFF7-BF7CDA367D3E}.Release|Any CPU.Build.0 = Release|Any CPU
		{64774E5C-C5E8-4A41-95D4-F3BEC818AD1E}.Debug|Any CPU.ActiveCfg = Debug|Any CPU
		{64774E5C-C5E8-4A41-95D4-F3BEC818AD1E}.Debug|Any CPU.Build.0 = Debug|Any CPU
		{64774E5C-C5E8-4A41-95D4-F3BEC818AD1E}.Release|Any CPU.ActiveCfg = Debug|Any CPU
		{64774E5C-C5E8-4A41-95D4-F3BEC818AD1E}.Release|Any CPU.Build.0 = Debug|Any CPU
		{DFE36340-207E-4303-A76F-427951BEF236}.Debug|Any CPU.ActiveCfg = Debug|Any CPU
		{DFE36340-207E-4303-A76F-427951BEF236}.Debug|Any CPU.Build.0 = Debug|Any CPU
		{DFE36340-207E-4303-A76F-427951BEF236}.Release|Any CPU.ActiveCfg = Release|Any CPU
		{DFE36340-207E-4303-A76F-427951BEF236}.Release|Any CPU.Build.0 = Release|Any CPU
	EndGlobalSection
	GlobalSection(SolutionProperties) = preSolution
		HideSolutionNode = FALSE
	EndGlobalSection
	GlobalSection(ExtensibilityGlobals) = postSolution
		SolutionGuid = {3222AF19-8419-40B3-919B-764DF9C8384E}
	EndGlobalSection
EndGlobal
